
Microsoft Visual Studio Solution File, Format Version 12.00
# Visual Studio Version 17
VisualStudioVersion = 17.8.34408.163
MinimumVisualStudioVersion = 10.0.40219.1
Project("{8BC9CEB8-8B4A-11D0-8D11-00A0C91BC942}") = "helloRaylib", "helloRaylib.vcxproj", "{A612FFFA-F2B8-48F9-BEC1-581EC3E52BF9}"
EndProject
Global
	GlobalSection(SolutionConfigurationPlatforms) = preSolution
		Debug|x64 = Debug|x64
		Debug|x86 = Debug|x86
		Release|x64 = Release|x64
		Release|x86 = Release|x86
	EndGlobalSection
	GlobalSection(ProjectConfigurationPlatforms) = postSolution
		{A612FFFA-F2B8-48F9-BEC1-581EC3E52BF9}.Debug|x64.ActiveCfg = Debug|x64
		{A612FFFA-F2B8-48F9-BEC1-581EC3E52BF9}.Debug|x64.Build.0 = Debug|x64
		{A612FFFA-F2B8-48F9-BEC1-581EC3E52BF9}.Debug|x86.ActiveCfg = Debug|Win32
		{A612FFFA-F2B8-48F9-BEC1-581EC3E52BF9}.Debug|x86.Build.0 = Debug|Win32
		{A612FFFA-F2B8-48F9-BEC1-581EC3E52BF9}.Release|x64.ActiveCfg = Release|x64
		{A612FFFA-F2B8-48F9-BEC1-581EC3E52BF9}.Release|x64.Build.0 = Release|x64
		{A612FFFA-F2B8-48F9-BEC1-581EC3E52BF9}.Release|x86.ActiveCfg = Release|Win32
		{A612FFFA-F2B8-48F9-BEC1-581EC3E52BF9}.Release|x86.Build.0 = Release|Win32
	EndGlobalSection
	GlobalSection(SolutionProperties) = preSolution
		HideSolutionNode = FALSE
	EndGlobalSection
	GlobalSection(ExtensibilityGlobals) = postSolution
		SolutionGuid = {BF81D0A5-D87E-4ED2-8E94-CF519CF5BE34}
	EndGlobalSection
EndGlobal
